// !$*UTF8*$!
{
	archiveVersion = 1;
	classes = {
	};
	objectVersion = 46;
	objects = {

/* Begin PBXBuildFile section */
		D184CC851C6BC15D00E35386 /* main.cpp in Sources */ = {isa = PBXBuildFile; fileRef = D184CC841C6BC15D00E35386 /* main.cpp */; };
		D184CC8D1C6BC18500E35386 /* Tally.cpp in Sources */ = {isa = PBXBuildFile; fileRef = D184CC8B1C6BC18500E35386 /* Tally.cpp */; };
		D184CC931C6BC31700E35386 /* tools.cpp in Sources */ = {isa = PBXBuildFile; fileRef = D184CC911C6BC31700E35386 /* tools.cpp */; };
/* End PBXBuildFile section */

/* Begin PBXCopyFilesBuildPhase section */
		D184CC7F1C6BC15D00E35386 /* CopyFiles */ = {
			isa = PBXCopyFilesBuildPhase;
			buildActionMask = 2147483647;
			dstPath = /usr/share/man/man1/;
			dstSubfolderSpec = 0;
			files = (
			);
			runOnlyForDeploymentPostprocessing = 1;
		};
/* End PBXCopyFilesBuildPhase section */

/* Begin PBXFileReference section */
		D184CC811C6BC15D00E35386 /* P2 */ = {isa = PBXFileReference; explicitFileType = "compiled.mach-o.executable"; includeInIndex = 0; path = P2; sourceTree = BUILT_PRODUCTS_DIR; };
		D184CC841C6BC15D00E35386 /* main.cpp */ = {isa = PBXFileReference; lastKnownFileType = sourcecode.cpp.cpp; path = main.cpp; sourceTree = "<group>"; };
		D184CC8B1C6BC18500E35386 /* Tally.cpp */ = {isa = PBXFileReference; fileEncoding = 4; lastKnownFileType = sourcecode.cpp.cpp; path = Tally.cpp; sourceTree = "<group>"; };
		D184CC8C1C6BC18500E35386 /* Tally.hpp */ = {isa = PBXFileReference; fileEncoding = 4; lastKnownFileType = sourcecode.cpp.h; path = Tally.hpp; sourceTree = "<group>"; };
		D184CC911C6BC31700E35386 /* tools.cpp */ = {isa = PBXFileReference; fileEncoding = 4; lastKnownFileType = sourcecode.cpp.cpp; path = tools.cpp; sourceTree = "<group>"; };
		D184CC921C6BC31700E35386 /* tools.hpp */ = {isa = PBXFileReference; fileEncoding = 4; lastKnownFileType = sourcecode.cpp.h; path = tools.hpp; sourceTree = "<group>"; };
		D184CC941C6BEE3E00E35386 /* test.txt */ = {isa = PBXFileReference; fileEncoding = 4; lastKnownFileType = text; path = test.txt; sourceTree = "<group>"; };
/* End PBXFileReference section */

/* Begin PBXFrameworksBuildPhase section */
		D184CC7E1C6BC15D00E35386 /* Frameworks */ = {
			isa = PBXFrameworksBuildPhase;
			buildActionMask = 2147483647;
			files = (
			);
			runOnlyForDeploymentPostprocessing = 0;
		};
/* End PBXFrameworksBuildPhase section */

/* Begin PBXGroup section */
		D184CC781C6BC15D00E35386 = {
			isa = PBXGroup;
			children = (
				D184CC831C6BC15D00E35386 /* P2 */,
				D184CC821C6BC15D00E35386 /* Products */,
			);
			sourceTree = "<group>";
		};
		D184CC821C6BC15D00E35386 /* Products */ = {
			isa = PBXGroup;
			children = (
				D184CC811C6BC15D00E35386 /* P2 */,
			);
			name = Products;
			sourceTree = "<group>";
		};
		D184CC831C6BC15D00E35386 /* P2 */ = {
			isa = PBXGroup;
			children = (
				D184CC941C6BEE3E00E35386 /* test.txt */,
				D184CC911C6BC31700E35386 /* tools.cpp */,
				D184CC921C6BC31700E35386 /* tools.hpp */,
				D184CC841C6BC15D00E35386 /* main.cpp */,
				D184CC8B1C6BC18500E35386 /* Tally.cpp */,
				D184CC8C1C6BC18500E35386 /* Tally.hpp */,
			);
			path = P2;
			sourceTree = "<group>";
		};
/* End PBXGroup section */

/* Begin PBXNativeTarget section */
		D184CC801C6BC15D00E35386 /* P2 */ = {
			isa = PBXNativeTarget;
			buildConfigurationList = D184CC881C6BC15D00E35386 /* Build configuration list for PBXNativeTarget "P2" */;
			buildPhases = (
				D184CC7D1C6BC15D00E35386 /* Sources */,
				D184CC7E1C6BC15D00E35386 /* Frameworks */,
				D184CC7F1C6BC15D00E35386 /* CopyFiles */,
			);
			buildRules = (
			);
			dependencies = (
			);
			name = P2;
			productName = P2;
			productReference = D184CC811C6BC15D00E35386 /* P2 */;
			productType = "com.apple.product-type.tool";
		};
/* End PBXNativeTarget section */

/* Begin PBXProject section */
		D184CC791C6BC15D00E35386 /* Project object */ = {
			isa = PBXProject;
			attributes = {
				LastUpgradeCheck = 0720;
				ORGANIZATIONNAME = "William Lin";
				TargetAttributes = {
					D184CC801C6BC15D00E35386 = {
						CreatedOnToolsVersion = 7.2.1;
					};
				};
			};
			buildConfigurationList = D184CC7C1C6BC15D00E35386 /* Build configuration list for PBXProject "P2" */;
			compatibilityVersion = "Xcode 3.2";
			developmentRegion = English;
			hasScannedForEncodings = 0;
			knownRegions = (
				en,
			);
			mainGroup = D184CC781C6BC15D00E35386;
			productRefGroup = D184CC821C6BC15D00E35386 /* Products */;
			projectDirPath = "";
			projectRoot = "";
			targets = (
				D184CC801C6BC15D00E35386 /* P2 */,
			);
		};
/* End PBXProject section */

/* Begin PBXSourcesBuildPhase section */
		D184CC7D1C6BC15D00E35386 /* Sources */ = {
			isa = PBXSourcesBuildPhase;
			buildActionMask = 2147483647;
			files = (
				D184CC8D1C6BC18500E35386 /* Tally.cpp in Sources */,
				D184CC851C6BC15D00E35386 /* main.cpp in Sources */,
				D184CC931C6BC31700E35386 /* tools.cpp in Sources */,
			);
			runOnlyForDeploymentPostprocessing = 0;
		};
/* End PBXSourcesBuildPhase section */

/* Begin XCBuildConfiguration section */
		D184CC861C6BC15D00E35386 /* Debug */ = {
			isa = XCBuildConfiguration;
			buildSettings = {
				ALWAYS_SEARCH_USER_PATHS = NO;
				CLANG_CXX_LANGUAGE_STANDARD = "gnu++0x";
				CLANG_CXX_LIBRARY = "libc++";
				CLANG_ENABLE_MODULES = YES;
				CLANG_ENABLE_OBJC_ARC = YES;
				CLANG_WARN_BOOL_CONVERSION = YES;
				CLANG_WARN_CONSTANT_CONVERSION = YES;
				CLANG_WARN_DIRECT_OBJC_ISA_USAGE = YES_ERROR;
				CLANG_WARN_EMPTY_BODY = YES;
				CLANG_WARN_ENUM_CONVERSION = YES;
				CLANG_WARN_INT_CONVERSION = YES;
				CLANG_WARN_OBJC_ROOT_CLASS = YES_ERROR;
				CLANG_WARN_UNREACHABLE_CODE = YES;
				CLANG_WARN__DUPLICATE_METHOD_MATCH = YES;
				CODE_SIGN_IDENTITY = "-";
				COPY_PHASE_STRIP = NO;
				DEBUG_INFORMATION_FORMAT = dwarf;
				ENABLE_STRICT_OBJC_MSGSEND = YES;
				ENABLE_TESTABILITY = YES;
				GCC_C_LANGUAGE_STANDARD = gnu99;
				GCC_DYNAMIC_NO_PIC = NO;
				GCC_NO_COMMON_BLOCKS = YES;
				GCC_OPTIMIZATION_LEVEL = 0;
				GCC_PREPROCESSOR_DEFINITIONS = (
					"DEBUG=1",
					"$(inherited)",
				);
				GCC_WARN_64_TO_32_BIT_CONVERSION = YES;
				GCC_WARN_ABOUT_RETURN_TYPE = YES_ERROR;
				GCC_WARN_UNDECLARED_SELECTOR = YES;
				GCC_WARN_UNINITIALIZED_AUTOS = YES_AGGRESSIVE;
				GCC_WARN_UNUSED_FUNCTION = YES;
				GCC_WARN_UNUSED_VARIABLE = YES;
				MACOSX_DEPLOYMENT_TARGET = 10.11;
				MTL_ENABLE_DEBUG_INFO = YES;
				ONLY_ACTIVE_ARCH = YES;
				SDKROOT = macosx;
			};
			name = Debug;
		};
		D184CC871C6BC15D00E35386 /* Release */ = {
			isa = XCBuildConfiguration;
			buildSettings = {
				ALWAYS_SEARCH_USER_PATHS = NO;
				CLANG_CXX_LANGUAGE_STANDARD = "gnu++0x";
				CLANG_CXX_LIBRARY = "libc++";
				CLANG_ENABLE_MODULES = YES;
				CLANG_ENABLE_OBJC_ARC = YES;
				CLANG_WARN_BOOL_CONVERSION = YES;
				CLANG_WARN_CONSTANT_CONVERSION = YES;
				CLANG_WARN_DIRECT_OBJC_ISA_USAGE = YES_ERROR;
				CLANG_WARN_EMPTY_BODY = YES;
				CLANG_WARN_ENUM_CONVERSION = YES;
				CLANG_WARN_INT_CONVERSION = YES;
				CLANG_WARN_OBJC_ROOT_CLASS = YES_ERROR;
				CLANG_WARN_UNREACHABLE_CODE = YES;
				CLANG_WARN__DUPLICATE_METHOD_MATCH = YES;
				CODE_SIGN_IDENTITY = "-";
				COPY_PHASE_STRIP = NO;
				DEBUG_INFORMATION_FORMAT = "dwarf-with-dsym";
				ENABLE_NS_ASSERTIONS = NO;
				ENABLE_STRICT_OBJC_MSGSEND = YES;
				GCC_C_LANGUAGE_STANDARD = gnu99;
				GCC_NO_COMMON_BLOCKS = YES;
				GCC_WARN_64_TO_32_BIT_CONVERSION = YES;
				GCC_WARN_ABOUT_RETURN_TYPE = YES_ERROR;
				GCC_WARN_UNDECLARED_SELECTOR = YES;
				GCC_WARN_UNINITIALIZED_AUTOS = YES_AGGRESSIVE;
				GCC_WARN_UNUSED_FUNCTION = YES;
				GCC_WARN_UNUSED_VARIABLE = YES;
				MACOSX_DEPLOYMENT_TARGET = 10.11;
				MTL_ENABLE_DEBUG_INFO = NO;
				SDKROOT = macosx;
			};
			name = Release;
		};
		D184CC891C6BC15D00E35386 /* Debug */ = {
			isa = XCBuildConfiguration;
			buildSettings = {
				PRODUCT_NAME = "$(TARGET_NAME)";
			};
			name = Debug;
		};
		D184CC8A1C6BC15D00E35386 /* Release */ = {
			isa = XCBuildConfiguration;
			buildSettings = {
				PRODUCT_NAME = "$(TARGET_NAME)";
			};
			name = Release;
		};
/* End XCBuildConfiguration section */

/* Begin XCConfigurationList section */
		D184CC7C1C6BC15D00E35386 /* Build configuration list for PBXProject "P2" */ = {
			isa = XCConfigurationList;
			buildConfigurations = (
				D184CC861C6BC15D00E35386 /* Debug */,
				D184CC871C6BC15D00E35386 /* Release */,
			);
			defaultConfigurationIsVisible = 0;
			defaultConfigurationName = Release;
		};
		D184CC881C6BC15D00E35386 /* Build configuration list for PBXNativeTarget "P2" */ = {
			isa = XCConfigurationList;
			buildConfigurations = (
				D184CC891C6BC15D00E35386 /* Debug */,
				D184CC8A1C6BC15D00E35386 /* Release */,
			);
			defaultConfigurationIsVisible = 0;
		};
/* End XCConfigurationList section */
	};
	rootObject = D184CC791C6BC15D00E35386 /* Project object */;
}
