// !$*UTF8*$!
{
	archiveVersion = 1;
	classes = {
	};
	objectVersion = 46;
	objects = {

/* Begin PBXBuildFile section */
		D19FE2121CB94C320098A3F6 /* Sorter.cpp in Sources */ = {isa = PBXBuildFile; fileRef = D19FE2101CB94C320098A3F6 /* Sorter.cpp */; };
		D1BD54411C9A0A8100A3BB3B /* tools.cpp in Sources */ = {isa = PBXBuildFile; fileRef = D1BD543F1C9A0A8100A3BB3B /* tools.cpp */; };
		D1BD94241C8A0F620052FA95 /* main.cpp in Sources */ = {isa = PBXBuildFile; fileRef = D1BD94231C8A0F620052FA95 /* main.cpp */; };
		D1DAFE2E1CA31A06004DD084 /* Queue.cpp in Sources */ = {isa = PBXBuildFile; fileRef = D1DAFE2C1CA31A06004DD084 /* Queue.cpp */; };
/* End PBXBuildFile section */

/* Begin PBXCopyFilesBuildPhase section */
		D1BD941E1C8A0F620052FA95 /* CopyFiles */ = {
			isa = PBXCopyFilesBuildPhase;
			buildActionMask = 2147483647;
			dstPath = /usr/share/man/man1/;
			dstSubfolderSpec = 0;
			files = (
			);
			runOnlyForDeploymentPostprocessing = 1;
		};
/* End PBXCopyFilesBuildPhase section */

/* Begin PBXFileReference section */
		D12A29891CBD86EB00610917 /* text.txt */ = {isa = PBXFileReference; fileEncoding = 4; lastKnownFileType = text; path = text.txt; sourceTree = "<group>"; };
		D12A298A1CBFE0F400610917 /* sensor_01.txt */ = {isa = PBXFileReference; fileEncoding = 4; lastKnownFileType = text; path = sensor_01.txt; sourceTree = "<group>"; };
		D12A298B1CBFE17100610917 /* output.txt */ = {isa = PBXFileReference; fileEncoding = 4; lastKnownFileType = text; path = output.txt; sourceTree = "<group>"; };
		D19FE2101CB94C320098A3F6 /* Sorter.cpp */ = {isa = PBXFileReference; fileEncoding = 4; lastKnownFileType = sourcecode.cpp.cpp; path = Sorter.cpp; sourceTree = "<group>"; };
		D19FE2111CB94C320098A3F6 /* Sorter.hpp */ = {isa = PBXFileReference; fileEncoding = 4; lastKnownFileType = sourcecode.cpp.h; path = Sorter.hpp; sourceTree = "<group>"; };
		D1BD543F1C9A0A8100A3BB3B /* tools.cpp */ = {isa = PBXFileReference; fileEncoding = 4; lastKnownFileType = sourcecode.cpp.cpp; path = tools.cpp; sourceTree = "<group>"; };
		D1BD54401C9A0A8100A3BB3B /* tools.hpp */ = {isa = PBXFileReference; fileEncoding = 4; lastKnownFileType = sourcecode.cpp.h; path = tools.hpp; sourceTree = "<group>"; };
		D1BD94201C8A0F620052FA95 /* P4 */ = {isa = PBXFileReference; explicitFileType = "compiled.mach-o.executable"; includeInIndex = 0; path = P4; sourceTree = BUILT_PRODUCTS_DIR; };
		D1BD94231C8A0F620052FA95 /* main.cpp */ = {isa = PBXFileReference; lastKnownFileType = sourcecode.cpp.cpp; path = main.cpp; sourceTree = "<group>"; };
		D1DAFE2C1CA31A06004DD084 /* Queue.cpp */ = {isa = PBXFileReference; fileEncoding = 4; lastKnownFileType = sourcecode.cpp.cpp; path = Queue.cpp; sourceTree = "<group>"; };
		D1DAFE2D1CA31A06004DD084 /* Queue.hpp */ = {isa = PBXFileReference; fileEncoding = 4; lastKnownFileType = sourcecode.cpp.h; path = Queue.hpp; sourceTree = "<group>"; };
		D1DAFE301CA31A13004DD084 /* Cell.hpp */ = {isa = PBXFileReference; fileEncoding = 4; lastKnownFileType = sourcecode.cpp.h; path = Cell.hpp; sourceTree = "<group>"; };
/* End PBXFileReference section */

/* Begin PBXFrameworksBuildPhase section */
		D1BD941D1C8A0F620052FA95 /* Frameworks */ = {
			isa = PBXFrameworksBuildPhase;
			buildActionMask = 2147483647;
			files = (
			);
			runOnlyForDeploymentPostprocessing = 0;
		};
/* End PBXFrameworksBuildPhase section */

/* Begin PBXGroup section */
		D1BD94171C8A0F620052FA95 = {
			isa = PBXGroup;
			children = (
				D1BD94221C8A0F620052FA95 /* P4 */,
				D1BD94211C8A0F620052FA95 /* Products */,
			);
			sourceTree = "<group>";
		};
		D1BD94211C8A0F620052FA95 /* Products */ = {
			isa = PBXGroup;
			children = (
				D1BD94201C8A0F620052FA95 /* P4 */,
			);
			name = Products;
			sourceTree = "<group>";
		};
		D1BD94221C8A0F620052FA95 /* P4 */ = {
			isa = PBXGroup;
			children = (
				D12A298A1CBFE0F400610917 /* sensor_01.txt */,
				D12A29891CBD86EB00610917 /* text.txt */,
				D1BD543F1C9A0A8100A3BB3B /* tools.cpp */,
				D1BD54401C9A0A8100A3BB3B /* tools.hpp */,
				D1BD94231C8A0F620052FA95 /* main.cpp */,
				D1DAFE2C1CA31A06004DD084 /* Queue.cpp */,
				D1DAFE2D1CA31A06004DD084 /* Queue.hpp */,
				D19FE2101CB94C320098A3F6 /* Sorter.cpp */,
				D19FE2111CB94C320098A3F6 /* Sorter.hpp */,
				D1DAFE301CA31A13004DD084 /* Cell.hpp */,
				D12A298B1CBFE17100610917 /* output.txt */,
			);
			path = P4;
			sourceTree = "<group>";
		};
/* End PBXGroup section */

/* Begin PBXNativeTarget section */
		D1BD941F1C8A0F620052FA95 /* P4 */ = {
			isa = PBXNativeTarget;
			buildConfigurationList = D1BD94271C8A0F620052FA95 /* Build configuration list for PBXNativeTarget "P4" */;
			buildPhases = (
				D1BD941C1C8A0F620052FA95 /* Sources */,
				D1BD941D1C8A0F620052FA95 /* Frameworks */,
				D1BD941E1C8A0F620052FA95 /* CopyFiles */,
			);
			buildRules = (
			);
			dependencies = (
			);
			name = P4;
			productName = P4;
			productReference = D1BD94201C8A0F620052FA95 /* P4 */;
			productType = "com.apple.product-type.tool";
		};
/* End PBXNativeTarget section */

/* Begin PBXProject section */
		D1BD94181C8A0F620052FA95 /* Project object */ = {
			isa = PBXProject;
			attributes = {
				LastUpgradeCheck = 0720;
				ORGANIZATIONNAME = "William Lin";
				TargetAttributes = {
					D1BD941F1C8A0F620052FA95 = {
						CreatedOnToolsVersion = 7.2.1;
					};
				};
			};
			buildConfigurationList = D1BD941B1C8A0F620052FA95 /* Build configuration list for PBXProject "P4" */;
			compatibilityVersion = "Xcode 3.2";
			developmentRegion = English;
			hasScannedForEncodings = 0;
			knownRegions = (
				en,
			);
			mainGroup = D1BD94171C8A0F620052FA95;
			productRefGroup = D1BD94211C8A0F620052FA95 /* Products */;
			projectDirPath = "";
			projectRoot = "";
			targets = (
				D1BD941F1C8A0F620052FA95 /* P4 */,
			);
		};
/* End PBXProject section */

/* Begin PBXSourcesBuildPhase section */
		D1BD941C1C8A0F620052FA95 /* Sources */ = {
			isa = PBXSourcesBuildPhase;
			buildActionMask = 2147483647;
			files = (
				D1DAFE2E1CA31A06004DD084 /* Queue.cpp in Sources */,
				D1BD94241C8A0F620052FA95 /* main.cpp in Sources */,
				D19FE2121CB94C320098A3F6 /* Sorter.cpp in Sources */,
				D1BD54411C9A0A8100A3BB3B /* tools.cpp in Sources */,
			);
			runOnlyForDeploymentPostprocessing = 0;
		};
/* End PBXSourcesBuildPhase section */

/* Begin XCBuildConfiguration section */
		D1BD94251C8A0F620052FA95 /* Debug */ = {
			isa = XCBuildConfiguration;
			buildSettings = {
				ALWAYS_SEARCH_USER_PATHS = NO;
				CLANG_CXX_LANGUAGE_STANDARD = "gnu++0x";
				CLANG_CXX_LIBRARY = "libc++";
				CLANG_ENABLE_MODULES = YES;
				CLANG_ENABLE_OBJC_ARC = YES;
				CLANG_WARN_BOOL_CONVERSION = YES;
				CLANG_WARN_CONSTANT_CONVERSION = YES;
				CLANG_WARN_DIRECT_OBJC_ISA_USAGE = YES_ERROR;
				CLANG_WARN_EMPTY_BODY = YES;
				CLANG_WARN_ENUM_CONVERSION = YES;
				CLANG_WARN_INT_CONVERSION = YES;
				CLANG_WARN_OBJC_ROOT_CLASS = YES_ERROR;
				CLANG_WARN_UNREACHABLE_CODE = YES;
				CLANG_WARN__DUPLICATE_METHOD_MATCH = YES;
				CODE_SIGN_IDENTITY = "-";
				COPY_PHASE_STRIP = NO;
				DEBUG_INFORMATION_FORMAT = dwarf;
				ENABLE_STRICT_OBJC_MSGSEND = YES;
				ENABLE_TESTABILITY = YES;
				GCC_C_LANGUAGE_STANDARD = gnu99;
				GCC_DYNAMIC_NO_PIC = NO;
				GCC_NO_COMMON_BLOCKS = YES;
				GCC_OPTIMIZATION_LEVEL = 0;
				GCC_PREPROCESSOR_DEFINITIONS = (
					"DEBUG=1",
					"$(inherited)",
				);
				GCC_WARN_64_TO_32_BIT_CONVERSION = YES;
				GCC_WARN_ABOUT_RETURN_TYPE = YES_ERROR;
				GCC_WARN_UNDECLARED_SELECTOR = YES;
				GCC_WARN_UNINITIALIZED_AUTOS = YES_AGGRESSIVE;
				GCC_WARN_UNUSED_FUNCTION = YES;
				GCC_WARN_UNUSED_VARIABLE = YES;
				MACOSX_DEPLOYMENT_TARGET = 10.11;
				MTL_ENABLE_DEBUG_INFO = YES;
				ONLY_ACTIVE_ARCH = YES;
				SDKROOT = macosx;
			};
			name = Debug;
		};
		D1BD94261C8A0F620052FA95 /* Release */ = {
			isa = XCBuildConfiguration;
			buildSettings = {
				ALWAYS_SEARCH_USER_PATHS = NO;
				CLANG_CXX_LANGUAGE_STANDARD = "gnu++0x";
				CLANG_CXX_LIBRARY = "libc++";
				CLANG_ENABLE_MODULES = YES;
				CLANG_ENABLE_OBJC_ARC = YES;
				CLANG_WARN_BOOL_CONVERSION = YES;
				CLANG_WARN_CONSTANT_CONVERSION = YES;
				CLANG_WARN_DIRECT_OBJC_ISA_USAGE = YES_ERROR;
				CLANG_WARN_EMPTY_BODY = YES;
				CLANG_WARN_ENUM_CONVERSION = YES;
				CLANG_WARN_INT_CONVERSION = YES;
				CLANG_WARN_OBJC_ROOT_CLASS = YES_ERROR;
				CLANG_WARN_UNREACHABLE_CODE = YES;
				CLANG_WARN__DUPLICATE_METHOD_MATCH = YES;
				CODE_SIGN_IDENTITY = "-";
				COPY_PHASE_STRIP = NO;
				DEBUG_INFORMATION_FORMAT = "dwarf-with-dsym";
				ENABLE_NS_ASSERTIONS = NO;
				ENABLE_STRICT_OBJC_MSGSEND = YES;
				GCC_C_LANGUAGE_STANDARD = gnu99;
				GCC_NO_COMMON_BLOCKS = YES;
				GCC_WARN_64_TO_32_BIT_CONVERSION = YES;
				GCC_WARN_ABOUT_RETURN_TYPE = YES_ERROR;
				GCC_WARN_UNDECLARED_SELECTOR = YES;
				GCC_WARN_UNINITIALIZED_AUTOS = YES_AGGRESSIVE;
				GCC_WARN_UNUSED_FUNCTION = YES;
				GCC_WARN_UNUSED_VARIABLE = YES;
				MACOSX_DEPLOYMENT_TARGET = 10.11;
				MTL_ENABLE_DEBUG_INFO = NO;
				SDKROOT = macosx;
			};
			name = Release;
		};
		D1BD94281C8A0F620052FA95 /* Debug */ = {
			isa = XCBuildConfiguration;
			buildSettings = {
				PRODUCT_NAME = "$(TARGET_NAME)";
			};
			name = Debug;
		};
		D1BD94291C8A0F620052FA95 /* Release */ = {
			isa = XCBuildConfiguration;
			buildSettings = {
				PRODUCT_NAME = "$(TARGET_NAME)";
			};
			name = Release;
		};
/* End XCBuildConfiguration section */

/* Begin XCConfigurationList section */
		D1BD941B1C8A0F620052FA95 /* Build configuration list for PBXProject "P4" */ = {
			isa = XCConfigurationList;
			buildConfigurations = (
				D1BD94251C8A0F620052FA95 /* Debug */,
				D1BD94261C8A0F620052FA95 /* Release */,
			);
			defaultConfigurationIsVisible = 0;
			defaultConfigurationName = Release;
		};
		D1BD94271C8A0F620052FA95 /* Build configuration list for PBXNativeTarget "P4" */ = {
			isa = XCConfigurationList;
			buildConfigurations = (
				D1BD94281C8A0F620052FA95 /* Debug */,
				D1BD94291C8A0F620052FA95 /* Release */,
			);
			defaultConfigurationIsVisible = 0;
			defaultConfigurationName = Release;
		};
/* End XCConfigurationList section */
	};
	rootObject = D1BD94181C8A0F620052FA95 /* Project object */;
}
